
Microsoft Visual Studio Solution File, Format Version 12.00
Project("{2150E333-8FDC-42A3-9474-1A3956D46DE8}") = "src", "src", "{6BD3FA7A-A363-46F8-81CE-22DE6B4167A6}"
EndProject
Project("{2150E333-8FDC-42A3-9474-1A3956D46DE8}") = "Events", "Events", "{1B84EEF8-B2AD-4EA8-8C67-FDD87900BD84}"
EndProject
Project("{2150E333-8FDC-42A3-9474-1A3956D46DE8}") = "Domain", "Domain", "{A0C2ADAA-E773-422B-86AF-064A49CC11A3}"
EndProject
Project("{FAE04EC0-301F-11D3-BF4B-00C04F79EFBC}") = "Events.Domain", "src\Events\Domain\Events.Domain\Events.Domain.csproj", "{69EBEC74-DDB1-4D2F-AF21-E98B3A554CF7}"
EndProject
Global
	GlobalSection(SolutionConfigurationPlatforms) = preSolution
		Debug|Any CPU = Debug|Any CPU
		Release|Any CPU = Release|Any CPU
	EndGlobalSection
	GlobalSection(NestedProjects) = preSolution
		{1B84EEF8-B2AD-4EA8-8C67-FDD87900BD84} = {6BD3FA7A-A363-46F8-81CE-22DE6B4167A6}
		{A0C2ADAA-E773-422B-86AF-064A49CC11A3} = {1B84EEF8-B2AD-4EA8-8C67-FDD87900BD84}
		{69EBEC74-DDB1-4D2F-AF21-E98B3A554CF7} = {A0C2ADAA-E773-422B-86AF-064A49CC11A3}
	EndGlobalSection
	GlobalSection(ProjectConfigurationPlatforms) = postSolution
		{69EBEC74-DDB1-4D2F-AF21-E98B3A554CF7}.Debug|Any CPU.ActiveCfg = Debug|Any CPU
		{69EBEC74-DDB1-4D2F-AF21-E98B3A554CF7}.Debug|Any CPU.Build.0 = Debug|Any CPU
		{69EBEC74-DDB1-4D2F-AF21-E98B3A554CF7}.Release|Any CPU.ActiveCfg = Release|Any CPU
		{69EBEC74-DDB1-4D2F-AF21-E98B3A554CF7}.Release|Any CPU.Build.0 = Release|Any CPU
	EndGlobalSection
EndGlobal
